
Microsoft Visual Studio Solution File, Format Version 12.00
# Visual Studio Version 17
VisualStudioVersion = 17.5.33424.131
MinimumVisualStudioVersion = 10.0.40219.1
Project("{FAE04EC0-301F-11D3-BF4B-00C04F79EFBC}") = "SuppliersDB", "SuppliersDB\SuppliersDB.csproj", "{BEA5F078-D247-4622-B752-84DFAD8CEE10}"
EndProject
Global
	GlobalSection(SolutionConfigurationPlatforms) = preSolution
		Debug|Any CPU = Debug|Any CPU
		Release|Any CPU = Release|Any CPU
	EndGlobalSection
	GlobalSection(ProjectConfigurationPlatforms) = postSolution
		{BEA5F078-D247-4622-B752-84DFAD8CEE10}.Debug|Any CPU.ActiveCfg = Debug|Any CPU
		{BEA5F078-D247-4622-B752-84DFAD8CEE10}.Debug|Any CPU.Build.0 = Debug|Any CPU
		{BEA5F078-D247-4622-B752-84DFAD8CEE10}.Release|Any CPU.ActiveCfg = Release|Any CPU
		{BEA5F078-D247-4622-B752-84DFAD8CEE10}.Release|Any CPU.Build.0 = Release|Any CPU
	EndGlobalSection
	GlobalSection(SolutionProperties) = preSolution
		HideSolutionNode = FALSE
	EndGlobalSection
	GlobalSection(ExtensibilityGlobals) = postSolution
		SolutionGuid = {6170DFCF-A2D5-416D-9ED2-B7F3029F4EEB}
	EndGlobalSection
EndGlobal
